
Microsoft Visual Studio Solution File, Format Version 12.00
# Visual Studio Version 17
VisualStudioVersion = 17.13.35825.156
MinimumVisualStudioVersion = 10.0.40219.1
Project("{FAE04EC0-301F-11D3-BF4B-00C04F79EFBC}") = "Dal", "Dal\Dal.csproj", "{3D5EEFA8-D469-4AA8-B34D-6F79650887D4}"
EndProject
Project("{FAE04EC0-301F-11D3-BF4B-00C04F79EFBC}") = "Bl", "Bl\Bl.csproj", "{87B1F479-4C0B-410C-86F4-3F1DE26EAFEC}"
EndProject
Project("{FAE04EC0-301F-11D3-BF4B-00C04F79EFBC}") = "Models", "Models\Models.csproj", "{F7DAEDCC-9733-4F17-AF29-A2ADF61547D3}"
EndProject
Project("{FAE04EC0-301F-11D3-BF4B-00C04F79EFBC}") = "ai-driven-learning-backend", "ai-driven-learning-backend\ai-driven-learning-backend.csproj", "{F4C3ACDD-1E0F-40C8-9FDE-E18B3AB9A2F9}"
EndProject
Global
	GlobalSection(SolutionConfigurationPlatforms) = preSolution
		Debug|Any CPU = Debug|Any CPU
		Debug|x64 = Debug|x64
		Debug|x86 = Debug|x86
		Release|Any CPU = Release|Any CPU
		Release|x64 = Release|x64
		Release|x86 = Release|x86
	EndGlobalSection
	GlobalSection(ProjectConfigurationPlatforms) = postSolution
		{3D5EEFA8-D469-4AA8-B34D-6F79650887D4}.Debug|Any CPU.ActiveCfg = Debug|Any CPU
		{3D5EEFA8-D469-4AA8-B34D-6F79650887D4}.Debug|Any CPU.Build.0 = Debug|Any CPU
		{3D5EEFA8-D469-4AA8-B34D-6F79650887D4}.Debug|x64.ActiveCfg = Debug|Any CPU
		{3D5EEFA8-D469-4AA8-B34D-6F79650887D4}.Debug|x64.Build.0 = Debug|Any CPU
		{3D5EEFA8-D469-4AA8-B34D-6F79650887D4}.Debug|x86.ActiveCfg = Debug|Any CPU
		{3D5EEFA8-D469-4AA8-B34D-6F79650887D4}.Debug|x86.Build.0 = Debug|Any CPU
		{3D5EEFA8-D469-4AA8-B34D-6F79650887D4}.Release|Any CPU.ActiveCfg = Release|Any CPU
		{3D5EEFA8-D469-4AA8-B34D-6F79650887D4}.Release|Any CPU.Build.0 = Release|Any CPU
		{3D5EEFA8-D469-4AA8-B34D-6F79650887D4}.Release|x64.ActiveCfg = Release|Any CPU
		{3D5EEFA8-D469-4AA8-B34D-6F79650887D4}.Release|x64.Build.0 = Release|Any CPU
		{3D5EEFA8-D469-4AA8-B34D-6F79650887D4}.Release|x86.ActiveCfg = Release|Any CPU
		{3D5EEFA8-D469-4AA8-B34D-6F79650887D4}.Release|x86.Build.0 = Release|Any CPU
		{87B1F479-4C0B-410C-86F4-3F1DE26EAFEC}.Debug|Any CPU.ActiveCfg = Debug|Any CPU
		{87B1F479-4C0B-410C-86F4-3F1DE26EAFEC}.Debug|Any CPU.Build.0 = Debug|Any CPU
		{87B1F479-4C0B-410C-86F4-3F1DE26EAFEC}.Debug|x64.ActiveCfg = Debug|Any CPU
		{87B1F479-4C0B-410C-86F4-3F1DE26EAFEC}.Debug|x64.Build.0 = Debug|Any CPU
		{87B1F479-4C0B-410C-86F4-3F1DE26EAFEC}.Debug|x86.ActiveCfg = Debug|Any CPU
		{87B1F479-4C0B-410C-86F4-3F1DE26EAFEC}.Debug|x86.Build.0 = Debug|Any CPU
		{87B1F479-4C0B-410C-86F4-3F1DE26EAFEC}.Release|Any CPU.ActiveCfg = Release|Any CPU
		{87B1F479-4C0B-410C-86F4-3F1DE26EAFEC}.Release|Any CPU.Build.0 = Release|Any CPU
		{87B1F479-4C0B-410C-86F4-3F1DE26EAFEC}.Release|x64.ActiveCfg = Release|Any CPU
		{87B1F479-4C0B-410C-86F4-3F1DE26EAFEC}.Release|x64.Build.0 = Release|Any CPU
		{87B1F479-4C0B-410C-86F4-3F1DE26EAFEC}.Release|x86.ActiveCfg = Release|Any CPU
		{87B1F479-4C0B-410C-86F4-3F1DE26EAFEC}.Release|x86.Build.0 = Release|Any CPU
		{F7DAEDCC-9733-4F17-AF29-A2ADF61547D3}.Debug|Any CPU.ActiveCfg = Debug|Any CPU
		{F7DAEDCC-9733-4F17-AF29-A2ADF61547D3}.Debug|Any CPU.Build.0 = Debug|Any CPU
		{F7DAEDCC-9733-4F17-AF29-A2ADF61547D3}.Debug|x64.ActiveCfg = Debug|Any CPU
		{F7DAEDCC-9733-4F17-AF29-A2ADF61547D3}.Debug|x64.Build.0 = Debug|Any CPU
		{F7DAEDCC-9733-4F17-AF29-A2ADF61547D3}.Debug|x86.ActiveCfg = Debug|Any CPU
		{F7DAEDCC-9733-4F17-AF29-A2ADF61547D3}.Debug|x86.Build.0 = Debug|Any CPU
		{F7DAEDCC-9733-4F17-AF29-A2ADF61547D3}.Release|Any CPU.ActiveCfg = Release|Any CPU
		{F7DAEDCC-9733-4F17-AF29-A2ADF61547D3}.Release|Any CPU.Build.0 = Release|Any CPU
		{F7DAEDCC-9733-4F17-AF29-A2ADF61547D3}.Release|x64.ActiveCfg = Release|Any CPU
		{F7DAEDCC-9733-4F17-AF29-A2ADF61547D3}.Release|x64.Build.0 = Release|Any CPU
		{F7DAEDCC-9733-4F17-AF29-A2ADF61547D3}.Release|x86.ActiveCfg = Release|Any CPU
		{F7DAEDCC-9733-4F17-AF29-A2ADF61547D3}.Release|x86.Build.0 = Release|Any CPU
		{F4C3ACDD-1E0F-40C8-9FDE-E18B3AB9A2F9}.Debug|Any CPU.ActiveCfg = Debug|Any CPU
		{F4C3ACDD-1E0F-40C8-9FDE-E18B3AB9A2F9}.Debug|Any CPU.Build.0 = Debug|Any CPU
		{F4C3ACDD-1E0F-40C8-9FDE-E18B3AB9A2F9}.Debug|x64.ActiveCfg = Debug|Any CPU
		{F4C3ACDD-1E0F-40C8-9FDE-E18B3AB9A2F9}.Debug|x64.Build.0 = Debug|Any CPU
		{F4C3ACDD-1E0F-40C8-9FDE-E18B3AB9A2F9}.Debug|x86.ActiveCfg = Debug|Any CPU
		{F4C3ACDD-1E0F-40C8-9FDE-E18B3AB9A2F9}.Debug|x86.Build.0 = Debug|Any CPU
		{F4C3ACDD-1E0F-40C8-9FDE-E18B3AB9A2F9}.Release|Any CPU.ActiveCfg = Release|Any CPU
		{F4C3ACDD-1E0F-40C8-9FDE-E18B3AB9A2F9}.Release|Any CPU.Build.0 = Release|Any CPU
		{F4C3ACDD-1E0F-40C8-9FDE-E18B3AB9A2F9}.Release|x64.ActiveCfg = Release|Any CPU
		{F4C3ACDD-1E0F-40C8-9FDE-E18B3AB9A2F9}.Release|x64.Build.0 = Release|Any CPU
		{F4C3ACDD-1E0F-40C8-9FDE-E18B3AB9A2F9}.Release|x86.ActiveCfg = Release|Any CPU
		{F4C3ACDD-1E0F-40C8-9FDE-E18B3AB9A2F9}.Release|x86.Build.0 = Release|Any CPU
	EndGlobalSection
	GlobalSection(SolutionProperties) = preSolution
		HideSolutionNode = FALSE
	EndGlobalSection
	GlobalSection(ExtensibilityGlobals) = postSolution
		SolutionGuid = {23DA551D-0D5F-4FE8-8F99-8F8754339E84}
	EndGlobalSection
EndGlobal
